// !$*UTF8*$!
{
	archiveVersion = 1;
	classes = {
	};
	objectVersion = 46;
	objects = {

/* Begin PBXBuildFile section */
		D2CBA7FE381341C8978CD9FF /* libPods.a in Frameworks */ = {isa = PBXBuildFile; fileRef = 6FEFAD01852C4351AEBF8E7D /* libPods.a */; };
		EA49DF6A1A476E2600BE7047 /* BookmarkDetailsViewController.m in Sources */ = {isa = PBXBuildFile; fileRef = EA49DF691A476E2600BE7047 /* BookmarkDetailsViewController.m */; };
		EA49DF6D1A48B1BF00BE7047 /* SelectDestinationPointViewController.m in Sources */ = {isa = PBXBuildFile; fileRef = EA49DF6C1A48B1BF00BE7047 /* SelectDestinationPointViewController.m */; };
		EA6D26201A4A403800669148 /* ForsquareAPI.m in Sources */ = {isa = PBXBuildFile; fileRef = EA6D261F1A4A403800669148 /* ForsquareAPI.m */; };
		EABB42B11A463C4000DDC27E /* Bookmark.m in Sources */ = {isa = PBXBuildFile; fileRef = EABB42B01A463C4000DDC27E /* Bookmark.m */; };
		EABB42B51A465B7E00DDC27E /* BookmarksList.m in Sources */ = {isa = PBXBuildFile; fileRef = EABB42B41A465B7E00DDC27E /* BookmarksList.m */; };
		EACAA3A81A4A17E10078B129 /* BookmarkPointAnnotation.m in Sources */ = {isa = PBXBuildFile; fileRef = EACAA3A71A4A17E10078B129 /* BookmarkPointAnnotation.m */; };
		EAE215E01A3D90B600E6E07A /* main.m in Sources */ = {isa = PBXBuildFile; fileRef = EAE215DF1A3D90B600E6E07A /* main.m */; };
		EAE215E31A3D90B600E6E07A /* AppDelegate.m in Sources */ = {isa = PBXBuildFile; fileRef = EAE215E21A3D90B600E6E07A /* AppDelegate.m */; };
		EAE215E61A3D90B600E6E07A /* MapBookmarks.xcdatamodeld in Sources */ = {isa = PBXBuildFile; fileRef = EAE215E41A3D90B600E6E07A /* MapBookmarks.xcdatamodeld */; };
		EAE215EC1A3D90B600E6E07A /* Main.storyboard in Resources */ = {isa = PBXBuildFile; fileRef = EAE215EA1A3D90B600E6E07A /* Main.storyboard */; };
		EAE215EE1A3D90B600E6E07A /* Images.xcassets in Resources */ = {isa = PBXBuildFile; fileRef = EAE215ED1A3D90B600E6E07A /* Images.xcassets */; };
		EAE215F11A3D90B600E6E07A /* LaunchScreen.xib in Resources */ = {isa = PBXBuildFile; fileRef = EAE215EF1A3D90B600E6E07A /* LaunchScreen.xib */; };
		EAE215FD1A3D90B600E6E07A /* MapBookmarksTests.m in Sources */ = {isa = PBXBuildFile; fileRef = EAE215FC1A3D90B600E6E07A /* MapBookmarksTests.m */; };
		EAE216071A3E010600E6E07A /* QuartzCore.framework in Frameworks */ = {isa = PBXBuildFile; fileRef = EAE216061A3E010600E6E07A /* QuartzCore.framework */; };
		EAE2160A1A3E08B400E6E07A /* MapViewController.m in Sources */ = {isa = PBXBuildFile; fileRef = EAE216091A3E08B400E6E07A /* MapViewController.m */; };
		EAE2160C1A3E09BF00E6E07A /* MapKit.framework in Frameworks */ = {isa = PBXBuildFile; fileRef = EAE2160B1A3E09BF00E6E07A /* MapKit.framework */; };
/* End PBXBuildFile section */

/* Begin PBXContainerItemProxy section */
		EAE215F71A3D90B600E6E07A /* PBXContainerItemProxy */ = {
			isa = PBXContainerItemProxy;
			containerPortal = EAE215D21A3D90B600E6E07A /* Project object */;
			proxyType = 1;
			remoteGlobalIDString = EAE215D91A3D90B600E6E07A;
			remoteInfo = MapBookmarks;
		};
/* End PBXContainerItemProxy section */

/* Begin PBXFileReference section */
		6FEFAD01852C4351AEBF8E7D /* libPods.a */ = {isa = PBXFileReference; explicitFileType = archive.ar; includeInIndex = 0; path = libPods.a; sourceTree = BUILT_PRODUCTS_DIR; };
		AE3366A331944786B42975BF /* Pods.xcconfig */ = {isa = PBXFileReference; includeInIndex = 1; lastKnownFileType = text.xcconfig; name = Pods.xcconfig; path = Pods/Pods.xcconfig; sourceTree = "<group>"; };
		EA49DF681A476E2600BE7047 /* BookmarkDetailsViewController.h */ = {isa = PBXFileReference; fileEncoding = 4; lastKnownFileType = sourcecode.c.h; path = BookmarkDetailsViewController.h; sourceTree = "<group>"; };
		EA49DF691A476E2600BE7047 /* BookmarkDetailsViewController.m */ = {isa = PBXFileReference; fileEncoding = 4; lastKnownFileType = sourcecode.c.objc; path = BookmarkDetailsViewController.m; sourceTree = "<group>"; };
		EA49DF6B1A48B1BF00BE7047 /* SelectDestinationPointViewController.h */ = {isa = PBXFileReference; fileEncoding = 4; lastKnownFileType = sourcecode.c.h; path = SelectDestinationPointViewController.h; sourceTree = "<group>"; };
		EA49DF6C1A48B1BF00BE7047 /* SelectDestinationPointViewController.m */ = {isa = PBXFileReference; fileEncoding = 4; lastKnownFileType = sourcecode.c.objc; path = SelectDestinationPointViewController.m; sourceTree = "<group>"; };
		EA6D261E1A4A403800669148 /* ForsquareAPI.h */ = {isa = PBXFileReference; fileEncoding = 4; lastKnownFileType = sourcecode.c.h; path = ForsquareAPI.h; sourceTree = "<group>"; };
		EA6D261F1A4A403800669148 /* ForsquareAPI.m */ = {isa = PBXFileReference; fileEncoding = 4; lastKnownFileType = sourcecode.c.objc; path = ForsquareAPI.m; sourceTree = "<group>"; };
		EABB42AF1A463C4000DDC27E /* Bookmark.h */ = {isa = PBXFileReference; fileEncoding = 4; lastKnownFileType = sourcecode.c.h; path = Bookmark.h; sourceTree = "<group>"; };
		EABB42B01A463C4000DDC27E /* Bookmark.m */ = {isa = PBXFileReference; fileEncoding = 4; lastKnownFileType = sourcecode.c.objc; path = Bookmark.m; sourceTree = "<group>"; };
		EABB42B31A465B7E00DDC27E /* BookmarksList.h */ = {isa = PBXFileReference; fileEncoding = 4; lastKnownFileType = sourcecode.c.h; path = BookmarksList.h; sourceTree = "<group>"; };
		EABB42B41A465B7E00DDC27E /* BookmarksList.m */ = {isa = PBXFileReference; fileEncoding = 4; lastKnownFileType = sourcecode.c.objc; path = BookmarksList.m; sourceTree = "<group>"; };
		EACAA3A61A4A17E10078B129 /* BookmarkPointAnnotation.h */ = {isa = PBXFileReference; fileEncoding = 4; lastKnownFileType = sourcecode.c.h; path = BookmarkPointAnnotation.h; sourceTree = "<group>"; };
		EACAA3A71A4A17E10078B129 /* BookmarkPointAnnotation.m */ = {isa = PBXFileReference; fileEncoding = 4; lastKnownFileType = sourcecode.c.objc; path = BookmarkPointAnnotation.m; sourceTree = "<group>"; };
		EAE215DA1A3D90B600E6E07A /* MapBookmarks.app */ = {isa = PBXFileReference; explicitFileType = wrapper.application; includeInIndex = 0; path = MapBookmarks.app; sourceTree = BUILT_PRODUCTS_DIR; };
		EAE215DE1A3D90B600E6E07A /* Info.plist */ = {isa = PBXFileReference; lastKnownFileType = text.plist.xml; path = Info.plist; sourceTree = "<group>"; };
		EAE215DF1A3D90B600E6E07A /* main.m */ = {isa = PBXFileReference; lastKnownFileType = sourcecode.c.objc; path = main.m; sourceTree = "<group>"; };
		EAE215E11A3D90B600E6E07A /* AppDelegate.h */ = {isa = PBXFileReference; lastKnownFileType = sourcecode.c.h; path = AppDelegate.h; sourceTree = "<group>"; };
		EAE215E21A3D90B600E6E07A /* AppDelegate.m */ = {isa = PBXFileReference; lastKnownFileType = sourcecode.c.objc; path = AppDelegate.m; sourceTree = "<group>"; };
		EAE215E51A3D90B600E6E07A /* MapBookmarks.xcdatamodel */ = {isa = PBXFileReference; lastKnownFileType = wrapper.xcdatamodel; path = MapBookmarks.xcdatamodel; sourceTree = "<group>"; };
		EAE215EB1A3D90B600E6E07A /* Base */ = {isa = PBXFileReference; lastKnownFileType = file.storyboard; name = Base; path = Base.lproj/Main.storyboard; sourceTree = "<group>"; };
		EAE215ED1A3D90B600E6E07A /* Images.xcassets */ = {isa = PBXFileReference; lastKnownFileType = folder.assetcatalog; path = Images.xcassets; sourceTree = "<group>"; };
		EAE215F01A3D90B600E6E07A /* Base */ = {isa = PBXFileReference; lastKnownFileType = file.xib; name = Base; path = Base.lproj/LaunchScreen.xib; sourceTree = "<group>"; };
		EAE215F61A3D90B600E6E07A /* MapBookmarksTests.xctest */ = {isa = PBXFileReference; explicitFileType = wrapper.cfbundle; includeInIndex = 0; path = MapBookmarksTests.xctest; sourceTree = BUILT_PRODUCTS_DIR; };
		EAE215FB1A3D90B600E6E07A /* Info.plist */ = {isa = PBXFileReference; lastKnownFileType = text.plist.xml; path = Info.plist; sourceTree = "<group>"; };
		EAE215FC1A3D90B600E6E07A /* MapBookmarksTests.m */ = {isa = PBXFileReference; lastKnownFileType = sourcecode.c.objc; path = MapBookmarksTests.m; sourceTree = "<group>"; };
		EAE216061A3E010600E6E07A /* QuartzCore.framework */ = {isa = PBXFileReference; lastKnownFileType = wrapper.framework; name = QuartzCore.framework; path = System/Library/Frameworks/QuartzCore.framework; sourceTree = SDKROOT; };
		EAE216081A3E08B400E6E07A /* MapViewController.h */ = {isa = PBXFileReference; fileEncoding = 4; lastKnownFileType = sourcecode.c.h; path = MapViewController.h; sourceTree = "<group>"; };
		EAE216091A3E08B400E6E07A /* MapViewController.m */ = {isa = PBXFileReference; fileEncoding = 4; lastKnownFileType = sourcecode.c.objc; path = MapViewController.m; sourceTree = "<group>"; };
		EAE2160B1A3E09BF00E6E07A /* MapKit.framework */ = {isa = PBXFileReference; lastKnownFileType = wrapper.framework; name = MapKit.framework; path = System/Library/Frameworks/MapKit.framework; sourceTree = SDKROOT; };
/* End PBXFileReference section */

/* Begin PBXFrameworksBuildPhase section */
		EAE215D71A3D90B600E6E07A /* Frameworks */ = {
			isa = PBXFrameworksBuildPhase;
			buildActionMask = 2147483647;
			files = (
				EAE2160C1A3E09BF00E6E07A /* MapKit.framework in Frameworks */,
				EAE216071A3E010600E6E07A /* QuartzCore.framework in Frameworks */,
				D2CBA7FE381341C8978CD9FF /* libPods.a in Frameworks */,
			);
			runOnlyForDeploymentPostprocessing = 0;
		};
		EAE215F31A3D90B600E6E07A /* Frameworks */ = {
			isa = PBXFrameworksBuildPhase;
			buildActionMask = 2147483647;
			files = (
			);
			runOnlyForDeploymentPostprocessing = 0;
		};
/* End PBXFrameworksBuildPhase section */

/* Begin PBXGroup section */
		D88576E5AA034F39AB2A95CC /* Frameworks */ = {
			isa = PBXGroup;
			children = (
				EAE2160B1A3E09BF00E6E07A /* MapKit.framework */,
				EAE216061A3E010600E6E07A /* QuartzCore.framework */,
				6FEFAD01852C4351AEBF8E7D /* libPods.a */,
			);
			name = Frameworks;
			sourceTree = "<group>";
		};
		EA6D261D1A4A3FA800669148 /* API */ = {
			isa = PBXGroup;
			children = (
				EA6D261E1A4A403800669148 /* ForsquareAPI.h */,
				EA6D261F1A4A403800669148 /* ForsquareAPI.m */,
			);
			name = API;
			sourceTree = "<group>";
		};
		EABB42AE1A463C1300DDC27E /* Model */ = {
			isa = PBXGroup;
			children = (
				EABB42AF1A463C4000DDC27E /* Bookmark.h */,
				EABB42B01A463C4000DDC27E /* Bookmark.m */,
			);
			name = Model;
			sourceTree = "<group>";
		};
		EABB42B21A465B2000DDC27E /* ViewControllers */ = {
			isa = PBXGroup;
			children = (
				EAE216081A3E08B400E6E07A /* MapViewController.h */,
				EAE216091A3E08B400E6E07A /* MapViewController.m */,
				EABB42B31A465B7E00DDC27E /* BookmarksList.h */,
				EABB42B41A465B7E00DDC27E /* BookmarksList.m */,
				EA49DF681A476E2600BE7047 /* BookmarkDetailsViewController.h */,
				EA49DF691A476E2600BE7047 /* BookmarkDetailsViewController.m */,
				EA49DF6B1A48B1BF00BE7047 /* SelectDestinationPointViewController.h */,
				EA49DF6C1A48B1BF00BE7047 /* SelectDestinationPointViewController.m */,
				EACAA3A61A4A17E10078B129 /* BookmarkPointAnnotation.h */,
				EACAA3A71A4A17E10078B129 /* BookmarkPointAnnotation.m */,
			);
			path = ViewControllers;
			sourceTree = "<group>";
		};
		EAE215D11A3D90B600E6E07A = {
			isa = PBXGroup;
			children = (
				EAE215DC1A3D90B600E6E07A /* MapBookmarks */,
				EAE215F91A3D90B600E6E07A /* MapBookmarksTests */,
				EAE215DB1A3D90B600E6E07A /* Products */,
				AE3366A331944786B42975BF /* Pods.xcconfig */,
				D88576E5AA034F39AB2A95CC /* Frameworks */,
			);
			sourceTree = "<group>";
		};
		EAE215DB1A3D90B600E6E07A /* Products */ = {
			isa = PBXGroup;
			children = (
				EAE215DA1A3D90B600E6E07A /* MapBookmarks.app */,
				EAE215F61A3D90B600E6E07A /* MapBookmarksTests.xctest */,
			);
			name = Products;
			sourceTree = "<group>";
		};
		EAE215DC1A3D90B600E6E07A /* MapBookmarks */ = {
			isa = PBXGroup;
			children = (
				EA6D261D1A4A3FA800669148 /* API */,
				EABB42B21A465B2000DDC27E /* ViewControllers */,
				EABB42AE1A463C1300DDC27E /* Model */,
				EAE215E11A3D90B600E6E07A /* AppDelegate.h */,
				EAE215E21A3D90B600E6E07A /* AppDelegate.m */,
				EAE215EA1A3D90B600E6E07A /* Main.storyboard */,
				EAE215ED1A3D90B600E6E07A /* Images.xcassets */,
				EAE215EF1A3D90B600E6E07A /* LaunchScreen.xib */,
				EAE215E41A3D90B600E6E07A /* MapBookmarks.xcdatamodeld */,
				EAE215DD1A3D90B600E6E07A /* Supporting Files */,
			);
			path = MapBookmarks;
			sourceTree = "<group>";
		};
		EAE215DD1A3D90B600E6E07A /* Supporting Files */ = {
			isa = PBXGroup;
			children = (
				EAE215DE1A3D90B600E6E07A /* Info.plist */,
				EAE215DF1A3D90B600E6E07A /* main.m */,
			);
			name = "Supporting Files";
			sourceTree = "<group>";
		};
		EAE215F91A3D90B600E6E07A /* MapBookmarksTests */ = {
			isa = PBXGroup;
			children = (
				EAE215FC1A3D90B600E6E07A /* MapBookmarksTests.m */,
				EAE215FA1A3D90B600E6E07A /* Supporting Files */,
			);
			path = MapBookmarksTests;
			sourceTree = "<group>";
		};
		EAE215FA1A3D90B600E6E07A /* Supporting Files */ = {
			isa = PBXGroup;
			children = (
				EAE215FB1A3D90B600E6E07A /* Info.plist */,
			);
			name = "Supporting Files";
			sourceTree = "<group>";
		};
/* End PBXGroup section */

/* Begin PBXNativeTarget section */
		EAE215D91A3D90B600E6E07A /* MapBookmarks */ = {
			isa = PBXNativeTarget;
			buildConfigurationList = EAE216001A3D90B600E6E07A /* Build configuration list for PBXNativeTarget "MapBookmarks" */;
			buildPhases = (
				29D11C7A544349708A3BF269 /* Check Pods Manifest.lock */,
				EAE215D61A3D90B600E6E07A /* Sources */,
				EAE215D71A3D90B600E6E07A /* Frameworks */,
				EAE215D81A3D90B600E6E07A /* Resources */,
				58064121F41E43D8B5F8E8A9 /* Copy Pods Resources */,
			);
			buildRules = (
			);
			dependencies = (
			);
			name = MapBookmarks;
			productName = MapBookmarks;
			productReference = EAE215DA1A3D90B600E6E07A /* MapBookmarks.app */;
			productType = "com.apple.product-type.application";
		};
		EAE215F51A3D90B600E6E07A /* MapBookmarksTests */ = {
			isa = PBXNativeTarget;
			buildConfigurationList = EAE216031A3D90B600E6E07A /* Build configuration list for PBXNativeTarget "MapBookmarksTests" */;
			buildPhases = (
				EAE215F21A3D90B600E6E07A /* Sources */,
				EAE215F31A3D90B600E6E07A /* Frameworks */,
				EAE215F41A3D90B600E6E07A /* Resources */,
			);
			buildRules = (
			);
			dependencies = (
				EAE215F81A3D90B600E6E07A /* PBXTargetDependency */,
			);
			name = MapBookmarksTests;
			productName = MapBookmarksTests;
			productReference = EAE215F61A3D90B600E6E07A /* MapBookmarksTests.xctest */;
			productType = "com.apple.product-type.bundle.unit-test";
		};
/* End PBXNativeTarget section */

/* Begin PBXProject section */
		EAE215D21A3D90B600E6E07A /* Project object */ = {
			isa = PBXProject;
			attributes = {
				LastUpgradeCheck = 0610;
				ORGANIZATIONNAME = "Sapa Denys";
				TargetAttributes = {
					EAE215D91A3D90B600E6E07A = {
						CreatedOnToolsVersion = 6.1.1;
						SystemCapabilities = {
							com.apple.BackgroundModes = {
								enabled = 1;
							};
						};
					};
					EAE215F51A3D90B600E6E07A = {
						CreatedOnToolsVersion = 6.1.1;
						TestTargetID = EAE215D91A3D90B600E6E07A;
					};
				};
			};
			buildConfigurationList = EAE215D51A3D90B600E6E07A /* Build configuration list for PBXProject "MapBookmarks" */;
			compatibilityVersion = "Xcode 3.2";
			developmentRegion = English;
			hasScannedForEncodings = 0;
			knownRegions = (
				en,
				Base,
			);
			mainGroup = EAE215D11A3D90B600E6E07A;
			productRefGroup = EAE215DB1A3D90B600E6E07A /* Products */;
			projectDirPath = "";
			projectRoot = "";
			targets = (
				EAE215D91A3D90B600E6E07A /* MapBookmarks */,
				EAE215F51A3D90B600E6E07A /* MapBookmarksTests */,
			);
		};
/* End PBXProject section */

/* Begin PBXResourcesBuildPhase section */
		EAE215D81A3D90B600E6E07A /* Resources */ = {
			isa = PBXResourcesBuildPhase;
			buildActionMask = 2147483647;
			files = (
				EAE215EC1A3D90B600E6E07A /* Main.storyboard in Resources */,
				EAE215F11A3D90B600E6E07A /* LaunchScreen.xib in Resources */,
				EAE215EE1A3D90B600E6E07A /* Images.xcassets in Resources */,
			);
			runOnlyForDeploymentPostprocessing = 0;
		};
		EAE215F41A3D90B600E6E07A /* Resources */ = {
			isa = PBXResourcesBuildPhase;
			buildActionMask = 2147483647;
			files = (
			);
			runOnlyForDeploymentPostprocessing = 0;
		};
/* End PBXResourcesBuildPhase section */

/* Begin PBXShellScriptBuildPhase section */
		29D11C7A544349708A3BF269 /* Check Pods Manifest.lock */ = {
			isa = PBXShellScriptBuildPhase;
			buildActionMask = 2147483647;
			files = (
			);
			inputPaths = (
			);
			name = "Check Pods Manifest.lock";
			outputPaths = (
			);
			runOnlyForDeploymentPostprocessing = 0;
			shellPath = /bin/sh;
			shellScript = "diff \"${PODS_ROOT}/../Podfile.lock\" \"${PODS_ROOT}/Manifest.lock\" > /dev/null\nif [[ $? != 0 ]] ; then\n    cat << EOM\nerror: The sandbox is not in sync with the Podfile.lock. Run 'pod install' or update your CocoaPods installation.\nEOM\n    exit 1\nfi\n";
			showEnvVarsInLog = 0;
		};
		58064121F41E43D8B5F8E8A9 /* Copy Pods Resources */ = {
			isa = PBXShellScriptBuildPhase;
			buildActionMask = 2147483647;
			files = (
			);
			inputPaths = (
			);
			name = "Copy Pods Resources";
			outputPaths = (
			);
			runOnlyForDeploymentPostprocessing = 0;
			shellPath = /bin/sh;
			shellScript = "\"${SRCROOT}/Pods/Pods-resources.sh\"\n";
			showEnvVarsInLog = 0;
		};
/* End PBXShellScriptBuildPhase section */

/* Begin PBXSourcesBuildPhase section */
		EAE215D61A3D90B600E6E07A /* Sources */ = {
			isa = PBXSourcesBuildPhase;
			buildActionMask = 2147483647;
			files = (
				EAE215E31A3D90B600E6E07A /* AppDelegate.m in Sources */,
				EACAA3A81A4A17E10078B129 /* BookmarkPointAnnotation.m in Sources */,
				EAE215E01A3D90B600E6E07A /* main.m in Sources */,
				EAE215E61A3D90B600E6E07A /* MapBookmarks.xcdatamodeld in Sources */,
				EABB42B11A463C4000DDC27E /* Bookmark.m in Sources */,
				EA6D26201A4A403800669148 /* ForsquareAPI.m in Sources */,
				EA49DF6D1A48B1BF00BE7047 /* SelectDestinationPointViewController.m in Sources */,
				EA49DF6A1A476E2600BE7047 /* BookmarkDetailsViewController.m in Sources */,
				EAE2160A1A3E08B400E6E07A /* MapViewController.m in Sources */,
				EABB42B51A465B7E00DDC27E /* BookmarksList.m in Sources */,
			);
			runOnlyForDeploymentPostprocessing = 0;
		};
		EAE215F21A3D90B600E6E07A /* Sources */ = {
			isa = PBXSourcesBuildPhase;
			buildActionMask = 2147483647;
			files = (
				EAE215FD1A3D90B600E6E07A /* MapBookmarksTests.m in Sources */,
			);
			runOnlyForDeploymentPostprocessing = 0;
		};
/* End PBXSourcesBuildPhase section */

/* Begin PBXTargetDependency section */
		EAE215F81A3D90B600E6E07A /* PBXTargetDependency */ = {
			isa = PBXTargetDependency;
			target = EAE215D91A3D90B600E6E07A /* MapBookmarks */;
			targetProxy = EAE215F71A3D90B600E6E07A /* PBXContainerItemProxy */;
		};
/* End PBXTargetDependency section */

/* Begin PBXVariantGroup section */
		EAE215EA1A3D90B600E6E07A /* Main.storyboard */ = {
			isa = PBXVariantGroup;
			children = (
				EAE215EB1A3D90B600E6E07A /* Base */,
			);
			name = Main.storyboard;
			sourceTree = "<group>";
		};
		EAE215EF1A3D90B600E6E07A /* LaunchScreen.xib */ = {
			isa = PBXVariantGroup;
			children = (
				EAE215F01A3D90B600E6E07A /* Base */,
			);
			name = LaunchScreen.xib;
			sourceTree = "<group>";
		};
/* End PBXVariantGroup section */

/* Begin XCBuildConfiguration section */
		EAE215FE1A3D90B600E6E07A /* Debug */ = {
			isa = XCBuildConfiguration;
			buildSettings = {
				ALWAYS_SEARCH_USER_PATHS = NO;
				CLANG_CXX_LANGUAGE_STANDARD = "gnu++0x";
				CLANG_CXX_LIBRARY = "libc++";
				CLANG_ENABLE_MODULES = YES;
				CLANG_ENABLE_OBJC_ARC = YES;
				CLANG_WARN_BOOL_CONVERSION = YES;
				CLANG_WARN_CONSTANT_CONVERSION = YES;
				CLANG_WARN_DIRECT_OBJC_ISA_USAGE = YES_ERROR;
				CLANG_WARN_EMPTY_BODY = YES;
				CLANG_WARN_ENUM_CONVERSION = YES;
				CLANG_WARN_INT_CONVERSION = YES;
				CLANG_WARN_OBJC_ROOT_CLASS = YES_ERROR;
				CLANG_WARN_UNREACHABLE_CODE = YES;
				CLANG_WARN__DUPLICATE_METHOD_MATCH = YES;
				"CODE_SIGN_IDENTITY[sdk=iphoneos*]" = "iPhone Developer";
				COPY_PHASE_STRIP = NO;
				ENABLE_STRICT_OBJC_MSGSEND = YES;
				GCC_C_LANGUAGE_STANDARD = gnu99;
				GCC_DYNAMIC_NO_PIC = NO;
				GCC_OPTIMIZATION_LEVEL = 0;
				GCC_PREPROCESSOR_DEFINITIONS = (
					"DEBUG=1",
					"$(inherited)",
				);
				GCC_SYMBOLS_PRIVATE_EXTERN = NO;
				GCC_WARN_64_TO_32_BIT_CONVERSION = YES;
				GCC_WARN_ABOUT_RETURN_TYPE = YES_ERROR;
				GCC_WARN_UNDECLARED_SELECTOR = YES;
				GCC_WARN_UNINITIALIZED_AUTOS = YES_AGGRESSIVE;
				GCC_WARN_UNUSED_FUNCTION = YES;
				GCC_WARN_UNUSED_VARIABLE = YES;
				IPHONEOS_DEPLOYMENT_TARGET = 8.1;
				MTL_ENABLE_DEBUG_INFO = YES;
				ONLY_ACTIVE_ARCH = YES;
				SDKROOT = iphoneos;
			};
			name = Debug;
		};
		EAE215FF1A3D90B600E6E07A /* Release */ = {
			isa = XCBuildConfiguration;
			buildSettings = {
				ALWAYS_SEARCH_USER_PATHS = NO;
				CLANG_CXX_LANGUAGE_STANDARD = "gnu++0x";
				CLANG_CXX_LIBRARY = "libc++";
				CLANG_ENABLE_MODULES = YES;
				CLANG_ENABLE_OBJC_ARC = YES;
				CLANG_WARN_BOOL_CONVERSION = YES;
				CLANG_WARN_CONSTANT_CONVERSION = YES;
				CLANG_WARN_DIRECT_OBJC_ISA_USAGE = YES_ERROR;
				CLANG_WARN_EMPTY_BODY = YES;
				CLANG_WARN_ENUM_CONVERSION = YES;
				CLANG_WARN_INT_CONVERSION = YES;
				CLANG_WARN_OBJC_ROOT_CLASS = YES_ERROR;
				CLANG_WARN_UNREACHABLE_CODE = YES;
				CLANG_WARN__DUPLICATE_METHOD_MATCH = YES;
				"CODE_SIGN_IDENTITY[sdk=iphoneos*]" = "iPhone Developer";
				COPY_PHASE_STRIP = YES;
				ENABLE_NS_ASSERTIONS = NO;
				ENABLE_STRICT_OBJC_MSGSEND = YES;
				GCC_C_LANGUAGE_STANDARD = gnu99;
				GCC_WARN_64_TO_32_BIT_CONVERSION = YES;
				GCC_WARN_ABOUT_RETURN_TYPE = YES_ERROR;
				GCC_WARN_UNDECLARED_SELECTOR = YES;
				GCC_WARN_UNINITIALIZED_AUTOS = YES_AGGRESSIVE;
				GCC_WARN_UNUSED_FUNCTION = YES;
				GCC_WARN_UNUSED_VARIABLE = YES;
				IPHONEOS_DEPLOYMENT_TARGET = 8.1;
				MTL_ENABLE_DEBUG_INFO = NO;
				SDKROOT = iphoneos;
				VALIDATE_PRODUCT = YES;
			};
			name = Release;
		};
		EAE216011A3D90B600E6E07A /* Debug */ = {
			isa = XCBuildConfiguration;
			baseConfigurationReference = AE3366A331944786B42975BF /* Pods.xcconfig */;
			buildSettings = {
				ASSETCATALOG_COMPILER_APPICON_NAME = AppIcon;
				INFOPLIST_FILE = MapBookmarks/Info.plist;
				LD_RUNPATH_SEARCH_PATHS = "$(inherited) @executable_path/Frameworks";
				PRODUCT_NAME = "$(TARGET_NAME)";
			};
			name = Debug;
		};
		EAE216021A3D90B600E6E07A /* Release */ = {
			isa = XCBuildConfiguration;
			baseConfigurationReference = AE3366A331944786B42975BF /* Pods.xcconfig */;
			buildSettings = {
				ASSETCATALOG_COMPILER_APPICON_NAME = AppIcon;
				INFOPLIST_FILE = MapBookmarks/Info.plist;
				LD_RUNPATH_SEARCH_PATHS = "$(inherited) @executable_path/Frameworks";
				PRODUCT_NAME = "$(TARGET_NAME)";
			};
			name = Release;
		};
		EAE216041A3D90B600E6E07A /* Debug */ = {
			isa = XCBuildConfiguration;
			buildSettings = {
				BUNDLE_LOADER = "$(TEST_HOST)";
				FRAMEWORK_SEARCH_PATHS = (
					"$(SDKROOT)/Developer/Library/Frameworks",
					"$(inherited)",
				);
				GCC_PREPROCESSOR_DEFINITIONS = (
					"DEBUG=1",
					"$(inherited)",
				);
				INFOPLIST_FILE = MapBookmarksTests/Info.plist;
				LD_RUNPATH_SEARCH_PATHS = "$(inherited) @executable_path/Frameworks @loader_path/Frameworks";
				PRODUCT_NAME = "$(TARGET_NAME)";
				TEST_HOST = "$(BUILT_PRODUCTS_DIR)/MapBookmarks.app/MapBookmarks";
			};
			name = Debug;
		};
		EAE216051A3D90B600E6E07A /* Release */ = {
			isa = XCBuildConfiguration;
			buildSettings = {
				BUNDLE_LOADER = "$(TEST_HOST)";
				FRAMEWORK_SEARCH_PATHS = (
					"$(SDKROOT)/Developer/Library/Frameworks",
					"$(inherited)",
				);
				INFOPLIST_FILE = MapBookmarksTests/Info.plist;
				LD_RUNPATH_SEARCH_PATHS = "$(inherited) @executable_path/Frameworks @loader_path/Frameworks";
				PRODUCT_NAME = "$(TARGET_NAME)";
				TEST_HOST = "$(BUILT_PRODUCTS_DIR)/MapBookmarks.app/MapBookmarks";
			};
			name = Release;
		};
/* End XCBuildConfiguration section */

/* Begin XCConfigurationList section */
		EAE215D51A3D90B600E6E07A /* Build configuration list for PBXProject "MapBookmarks" */ = {
			isa = XCConfigurationList;
			buildConfigurations = (
				EAE215FE1A3D90B600E6E07A /* Debug */,
				EAE215FF1A3D90B600E6E07A /* Release */,
			);
			defaultConfigurationIsVisible = 0;
			defaultConfigurationName = Release;
		};
		EAE216001A3D90B600E6E07A /* Build configuration list for PBXNativeTarget "MapBookmarks" */ = {
			isa = XCConfigurationList;
			buildConfigurations = (
				EAE216011A3D90B600E6E07A /* Debug */,
				EAE216021A3D90B600E6E07A /* Release */,
			);
			defaultConfigurationIsVisible = 0;
			defaultConfigurationName = Release;
		};
		EAE216031A3D90B600E6E07A /* Build configuration list for PBXNativeTarget "MapBookmarksTests" */ = {
			isa = XCConfigurationList;
			buildConfigurations = (
				EAE216041A3D90B600E6E07A /* Debug */,
				EAE216051A3D90B600E6E07A /* Release */,
			);
			defaultConfigurationIsVisible = 0;
			defaultConfigurationName = Release;
		};
/* End XCConfigurationList section */

/* Begin XCVersionGroup section */
		EAE215E41A3D90B600E6E07A /* MapBookmarks.xcdatamodeld */ = {
			isa = XCVersionGroup;
			children = (
				EAE215E51A3D90B600E6E07A /* MapBookmarks.xcdatamodel */,
			);
			currentVersion = EAE215E51A3D90B600E6E07A /* MapBookmarks.xcdatamodel */;
			path = MapBookmarks.xcdatamodeld;
			sourceTree = "<group>";
			versionGroupType = wrapper.xcdatamodel;
		};
/* End XCVersionGroup section */
	};
	rootObject = EAE215D21A3D90B600E6E07A /* Project object */;
}
